
Microsoft Visual Studio Solution File, Format Version 12.00
# Visual Studio 2013
VisualStudioVersion = 12.0.30723.0
MinimumVisualStudioVersion = 10.0.40219.1
Project("{FAE04EC0-301F-11D3-BF4B-00C04F79EFBC}") = "ChristmasFace.Core", "ChristmasFace.Core\ChristmasFace.Core.csproj", "{496FB8B1-C64E-4304-BEF5-578F1696491E}"
EndProject
Project("{2150E333-8FDC-42A3-9474-1A3956D46DE8}") = "ChristmasFace.Universal", "ChristmasFace.Universal", "{EC7CCF21-2699-463D-831F-298D476408B2}"
EndProject
Project("{D954291E-2A0B-460D-934E-DC6B0785DB48}") = "ChristmasFace.Universal.Shared", "ChristmasFace.Universal\ChristmasFace.Universal.Shared\ChristmasFace.Universal.Shared.shproj", "{5C2FA8B3-04C4-4AF2-8562-262649AF9B8D}"
EndProject
Project("{FAE04EC0-301F-11D3-BF4B-00C04F79EFBC}") = "ChristmasFace.Universal.Windows", "ChristmasFace.Universal\ChristmasFace.Universal.Windows\ChristmasFace.Universal.Windows.csproj", "{7B50404F-7BAC-485A-8BDD-AD3B531F40FC}"
EndProject
Project("{FAE04EC0-301F-11D3-BF4B-00C04F79EFBC}") = "ChristmasFace.Universal.WindowsPhone", "ChristmasFace.Universal\ChristmasFace.Universal.WindowsPhone\ChristmasFace.Universal.WindowsPhone.csproj", "{D7BEF6D7-2220-4829-91EB-F24D80EC4420}"
EndProject
Global
	GlobalSection(SharedMSBuildProjectFiles) = preSolution
		ChristmasFace.Universal\ChristmasFace.Universal.Shared\ChristmasFace.Universal.Shared.projitems*{7b50404f-7bac-485a-8bdd-ad3b531f40fc}*SharedItemsImports = 4
		ChristmasFace.Universal\ChristmasFace.Universal.Shared\ChristmasFace.Universal.Shared.projitems*{d7bef6d7-2220-4829-91eb-f24d80ec4420}*SharedItemsImports = 4
		ChristmasFace.Universal\ChristmasFace.Universal.Shared\ChristmasFace.Universal.Shared.projitems*{5c2fa8b3-04c4-4af2-8562-262649af9b8d}*SharedItemsImports = 13
	EndGlobalSection
	GlobalSection(SolutionConfigurationPlatforms) = preSolution
		Debug|Any CPU = Debug|Any CPU
		Debug|ARM = Debug|ARM
		Debug|x64 = Debug|x64
		Debug|x86 = Debug|x86
		Release|Any CPU = Release|Any CPU
		Release|ARM = Release|ARM
		Release|x64 = Release|x64
		Release|x86 = Release|x86
	EndGlobalSection
	GlobalSection(ProjectConfigurationPlatforms) = postSolution
		{496FB8B1-C64E-4304-BEF5-578F1696491E}.Debug|Any CPU.ActiveCfg = Debug|Any CPU
		{496FB8B1-C64E-4304-BEF5-578F1696491E}.Debug|Any CPU.Build.0 = Debug|Any CPU
		{496FB8B1-C64E-4304-BEF5-578F1696491E}.Debug|ARM.ActiveCfg = Debug|Any CPU
		{496FB8B1-C64E-4304-BEF5-578F1696491E}.Debug|x64.ActiveCfg = Debug|Any CPU
		{496FB8B1-C64E-4304-BEF5-578F1696491E}.Debug|x86.ActiveCfg = Debug|Any CPU
		{496FB8B1-C64E-4304-BEF5-578F1696491E}.Release|Any CPU.ActiveCfg = Release|Any CPU
		{496FB8B1-C64E-4304-BEF5-578F1696491E}.Release|Any CPU.Build.0 = Release|Any CPU
		{496FB8B1-C64E-4304-BEF5-578F1696491E}.Release|ARM.ActiveCfg = Release|Any CPU
		{496FB8B1-C64E-4304-BEF5-578F1696491E}.Release|x64.ActiveCfg = Release|Any CPU
		{496FB8B1-C64E-4304-BEF5-578F1696491E}.Release|x86.ActiveCfg = Release|Any CPU
		{7B50404F-7BAC-485A-8BDD-AD3B531F40FC}.Debug|Any CPU.ActiveCfg = Debug|Any CPU
		{7B50404F-7BAC-485A-8BDD-AD3B531F40FC}.Debug|Any CPU.Build.0 = Debug|Any CPU
		{7B50404F-7BAC-485A-8BDD-AD3B531F40FC}.Debug|Any CPU.Deploy.0 = Debug|Any CPU
		{7B50404F-7BAC-485A-8BDD-AD3B531F40FC}.Debug|ARM.ActiveCfg = Debug|ARM
		{7B50404F-7BAC-485A-8BDD-AD3B531F40FC}.Debug|ARM.Build.0 = Debug|ARM
		{7B50404F-7BAC-485A-8BDD-AD3B531F40FC}.Debug|ARM.Deploy.0 = Debug|ARM
		{7B50404F-7BAC-485A-8BDD-AD3B531F40FC}.Debug|x64.ActiveCfg = Debug|x64
		{7B50404F-7BAC-485A-8BDD-AD3B531F40FC}.Debug|x64.Build.0 = Debug|x64
		{7B50404F-7BAC-485A-8BDD-AD3B531F40FC}.Debug|x64.Deploy.0 = Debug|x64
		{7B50404F-7BAC-485A-8BDD-AD3B531F40FC}.Debug|x86.ActiveCfg = Debug|x86
		{7B50404F-7BAC-485A-8BDD-AD3B531F40FC}.Debug|x86.Build.0 = Debug|x86
		{7B50404F-7BAC-485A-8BDD-AD3B531F40FC}.Debug|x86.Deploy.0 = Debug|x86
		{7B50404F-7BAC-485A-8BDD-AD3B531F40FC}.Release|Any CPU.ActiveCfg = Release|Any CPU
		{7B50404F-7BAC-485A-8BDD-AD3B531F40FC}.Release|Any CPU.Build.0 = Release|Any CPU
		{7B50404F-7BAC-485A-8BDD-AD3B531F40FC}.Release|Any CPU.Deploy.0 = Release|Any CPU
		{7B50404F-7BAC-485A-8BDD-AD3B531F40FC}.Release|ARM.ActiveCfg = Release|ARM
		{7B50404F-7BAC-485A-8BDD-AD3B531F40FC}.Release|ARM.Build.0 = Release|ARM
		{7B50404F-7BAC-485A-8BDD-AD3B531F40FC}.Release|ARM.Deploy.0 = Release|ARM
		{7B50404F-7BAC-485A-8BDD-AD3B531F40FC}.Release|x64.ActiveCfg = Release|x64
		{7B50404F-7BAC-485A-8BDD-AD3B531F40FC}.Release|x64.Build.0 = Release|x64
		{7B50404F-7BAC-485A-8BDD-AD3B531F40FC}.Release|x64.Deploy.0 = Release|x64
		{7B50404F-7BAC-485A-8BDD-AD3B531F40FC}.Release|x86.ActiveCfg = Release|x86
		{7B50404F-7BAC-485A-8BDD-AD3B531F40FC}.Release|x86.Build.0 = Release|x86
		{7B50404F-7BAC-485A-8BDD-AD3B531F40FC}.Release|x86.Deploy.0 = Release|x86
		{D7BEF6D7-2220-4829-91EB-F24D80EC4420}.Debug|Any CPU.ActiveCfg = Debug|Any CPU
		{D7BEF6D7-2220-4829-91EB-F24D80EC4420}.Debug|Any CPU.Build.0 = Debug|Any CPU
		{D7BEF6D7-2220-4829-91EB-F24D80EC4420}.Debug|Any CPU.Deploy.0 = Debug|Any CPU
		{D7BEF6D7-2220-4829-91EB-F24D80EC4420}.Debug|ARM.ActiveCfg = Debug|ARM
		{D7BEF6D7-2220-4829-91EB-F24D80EC4420}.Debug|ARM.Build.0 = Debug|ARM
		{D7BEF6D7-2220-4829-91EB-F24D80EC4420}.Debug|ARM.Deploy.0 = Debug|ARM
		{D7BEF6D7-2220-4829-91EB-F24D80EC4420}.Debug|x64.ActiveCfg = Debug|Any CPU
		{D7BEF6D7-2220-4829-91EB-F24D80EC4420}.Debug|x86.ActiveCfg = Debug|x86
		{D7BEF6D7-2220-4829-91EB-F24D80EC4420}.Debug|x86.Build.0 = Debug|x86
		{D7BEF6D7-2220-4829-91EB-F24D80EC4420}.Debug|x86.Deploy.0 = Debug|x86
		{D7BEF6D7-2220-4829-91EB-F24D80EC4420}.Release|Any CPU.ActiveCfg = Release|Any CPU
		{D7BEF6D7-2220-4829-91EB-F24D80EC4420}.Release|Any CPU.Build.0 = Release|Any CPU
		{D7BEF6D7-2220-4829-91EB-F24D80EC4420}.Release|Any CPU.Deploy.0 = Release|Any CPU
		{D7BEF6D7-2220-4829-91EB-F24D80EC4420}.Release|ARM.ActiveCfg = Release|ARM
		{D7BEF6D7-2220-4829-91EB-F24D80EC4420}.Release|ARM.Build.0 = Release|ARM
		{D7BEF6D7-2220-4829-91EB-F24D80EC4420}.Release|ARM.Deploy.0 = Release|ARM
		{D7BEF6D7-2220-4829-91EB-F24D80EC4420}.Release|x64.ActiveCfg = Release|Any CPU
		{D7BEF6D7-2220-4829-91EB-F24D80EC4420}.Release|x86.ActiveCfg = Release|x86
		{D7BEF6D7-2220-4829-91EB-F24D80EC4420}.Release|x86.Build.0 = Release|x86
		{D7BEF6D7-2220-4829-91EB-F24D80EC4420}.Release|x86.Deploy.0 = Release|x86
	EndGlobalSection
	GlobalSection(SolutionProperties) = preSolution
		HideSolutionNode = FALSE
	EndGlobalSection
	GlobalSection(NestedProjects) = preSolution
		{5C2FA8B3-04C4-4AF2-8562-262649AF9B8D} = {EC7CCF21-2699-463D-831F-298D476408B2}
		{7B50404F-7BAC-485A-8BDD-AD3B531F40FC} = {EC7CCF21-2699-463D-831F-298D476408B2}
		{D7BEF6D7-2220-4829-91EB-F24D80EC4420} = {EC7CCF21-2699-463D-831F-298D476408B2}
	EndGlobalSection
EndGlobal
